# This file was autogenerated by Stack.
# You should not edit this file by hand.
# For more information, please see the documentation at:
#   https://docs.haskellstack.org/en/stable/lock_files

packages:
- completed:
    name: ocelot
    pantry-tree:
      sha256: c790f8d6e13b288feb41cc6f0afc980e679fdd51f48e333a2d7c519147065892
      size: 623
    sha256: 78f08d739ebebcf957b5f948582e0e66ea8bb59a8bddb4f4766d3206a800d5e1
    size: 8421
    url: https://github.com/keharriso/ocelot-hs/archive/c98af1163f0e9830279ea1d6440f261ad937cca7.tar.gz
    version: 0.1.0.0
  original:
    url: https://github.com/keharriso/ocelot-hs/archive/c98af1163f0e9830279ea1d6440f261ad937cca7.tar.gz
snapshots:
- completed:
    sha256: 4905c93319aa94aa53da8f41d614d7bacdbfe6c63a8c6132d32e6e62f24a9af4
    size: 649315
    url: https://raw.githubusercontent.com/commercialhaskell/stackage-snapshots/master/lts/20/6.yaml
  original:
    url: https://raw.githubusercontent.com/commercialhaskell/stackage-snapshots/master/lts/20/6.yaml
