# This file was autogenerated by Stack.
# You should not edit this file by hand.
# For more information, please see the documentation at:
#   https://docs.haskellstack.org/en/stable/lock_files

packages:
- completed:
    name: ocelot
    pantry-tree:
      sha256: 519e325f6f9e5c70eb3daf764a6b65af10fd47458c47ed0131bc18a54bcc3ec4
      size: 623
    sha256: eda54b29f293e90412307f0f1d44bf75289d78ebd53758fa1cba026a80443786
    size: 8697
    url: https://github.com/keharriso/ocelot-hs/archive/6beb2a88998df5bb7386911b7c3237484f85f6c7.tar.gz
    version: 0.1.0.0
  original:
    url: https://github.com/keharriso/ocelot-hs/archive/6beb2a88998df5bb7386911b7c3237484f85f6c7.tar.gz
snapshots:
- completed:
    sha256: 4905c93319aa94aa53da8f41d614d7bacdbfe6c63a8c6132d32e6e62f24a9af4
    size: 649315
    url: https://raw.githubusercontent.com/commercialhaskell/stackage-snapshots/master/lts/20/6.yaml
  original:
    url: https://raw.githubusercontent.com/commercialhaskell/stackage-snapshots/master/lts/20/6.yaml
