# This file was autogenerated by Stack.
# You should not edit this file by hand.
# For more information, please see the documentation at:
#   https://docs.haskellstack.org/en/stable/lock_files

packages:
- completed:
    name: ocelot
    pantry-tree:
      sha256: 4c1dfac5200521a5a33c43ef4e496af9c1386a1a36f60d355ed4d307f57ee1a9
      size: 623
    sha256: 1378b4e497f322a386410ded9e7b27b6d6841b6bd2fef01ccfc863313419c5cf
    size: 8409
    url: https://github.com/keharriso/ocelot-hs/archive/cf66412f7e71743393391561b77867a6f2ec6038.tar.gz
    version: 0.1.0.0
  original:
    url: https://github.com/keharriso/ocelot-hs/archive/cf66412f7e71743393391561b77867a6f2ec6038.tar.gz
snapshots:
- completed:
    sha256: 4905c93319aa94aa53da8f41d614d7bacdbfe6c63a8c6132d32e6e62f24a9af4
    size: 649315
    url: https://raw.githubusercontent.com/commercialhaskell/stackage-snapshots/master/lts/20/6.yaml
  original:
    url: https://raw.githubusercontent.com/commercialhaskell/stackage-snapshots/master/lts/20/6.yaml
